// !$*UTF8*$!
{
	archiveVersion = 1;
	classes = {
	};
	objectVersion = 56;
	objects = {

/* Begin PBXBuildFile section */
		790301C12B377EA70044E30A /* Localizable.xcstrings in Resources */ = {isa = PBXBuildFile; fileRef = 790301C02B377EA70044E30A /* Localizable.xcstrings */; };
		796072E02B4F4FAE00737B5D /* UniformTypeIdentifiers.framework in Frameworks */ = {isa = PBXBuildFile; fileRef = 796072DF2B4F4FAE00737B5D /* UniformTypeIdentifiers.framework */; };
		796072E52B4F4FAE00737B5D /* ActionViewController.swift in Sources */ = {isa = PBXBuildFile; fileRef = 796072E42B4F4FAE00737B5D /* ActionViewController.swift */; };
		796072E82B4F4FAE00737B5D /* MainInterface.storyboard in Resources */ = {isa = PBXBuildFile; fileRef = 796072E62B4F4FAE00737B5D /* MainInterface.storyboard */; };
		796072EC2B4F4FAE00737B5D /* Bookmark Location in Geranium.appex in Embed Foundation Extensions */ = {isa = PBXBuildFile; fileRef = 796072DE2B4F4FAE00737B5D /* Bookmark Location in Geranium.appex */; settings = {ATTRIBUTES = (RemoveHeadersOnCopy, ); }; };
		7989FD032B347EEA00FBAB8D /* LocSimView.swift in Sources */ = {isa = PBXBuildFile; fileRef = 7989FD022B347EEA00FBAB8D /* LocSimView.swift */; };
		7989FD062B3486B100FBAB8D /* CustomMapView.swift in Sources */ = {isa = PBXBuildFile; fileRef = 7989FD052B3486B100FBAB8D /* CustomMapView.swift */; };
		7989FD0A2B348A0200FBAB8D /* BookMarkHelper.swift in Sources */ = {isa = PBXBuildFile; fileRef = 7989FD092B348A0200FBAB8D /* BookMarkHelper.swift */; };
		799488A62B347E2C00AFFDCF /* LocSimManager.swift in Sources */ = {isa = PBXBuildFile; fileRef = 799488A52B347E2C00AFFDCF /* LocSimManager.swift */; };
		A10000000000000000000003 /* InfoPlist.xcstrings in Resources */ = {isa = PBXBuildFile; fileRef = A10000000000000000000002 /* InfoPlist.xcstrings */; };
		F82C58042E37786D00F76DFA /* CoordTransform.swift in Sources */ = {isa = PBXBuildFile; fileRef = F82C58032E37786D00F76DFA /* CoordTransform.swift */; };
		FAA456D52B265FEA00FC7287 /* GeraniumApp.swift in Sources */ = {isa = PBXBuildFile; fileRef = FAA456D42B265FEA00FC7287 /* GeraniumApp.swift */; };
		FAA456D92B265FEC00FC7287 /* Assets.xcassets in Resources */ = {isa = PBXBuildFile; fileRef = FAA456D82B265FEC00FC7287 /* Assets.xcassets */; };
/* End PBXBuildFile section */

/* Begin PBXContainerItemProxy section */
		796072EA2B4F4FAE00737B5D /* PBXContainerItemProxy */ = {
			isa = PBXContainerItemProxy;
			containerPortal = FAA456C92B265FEA00FC7287 /* Project object */;
			proxyType = 1;
			remoteGlobalIDString = 796072DD2B4F4FAE00737B5D;
			remoteInfo = "Bookmark Location in Geranium";
		};
/* End PBXContainerItemProxy section */

/* Begin PBXCopyFilesBuildPhase section */
		796072ED2B4F4FAE00737B5D /* Embed Foundation Extensions */ = {
			isa = PBXCopyFilesBuildPhase;
			buildActionMask = 2147483647;
			dstPath = "";
			dstSubfolderSpec = 13;
			files = (
				796072EC2B4F4FAE00737B5D /* Bookmark Location in Geranium.appex in Embed Foundation Extensions */,
			);
			name = "Embed Foundation Extensions";
			runOnlyForDeploymentPostprocessing = 0;
		};
/* End PBXCopyFilesBuildPhase section */

/* Begin PBXFileReference section */
		790301C02B377EA70044E30A /* Localizable.xcstrings */ = {isa = PBXFileReference; indentWidth = 2; lastKnownFileType = text.json.xcstrings; path = Localizable.xcstrings; sourceTree = "<group>"; tabWidth = 2; };
		796072DE2B4F4FAE00737B5D /* Bookmark Location in Geranium.appex */ = {isa = PBXFileReference; explicitFileType = "wrapper.app-extension"; includeInIndex = 0; path = "Bookmark Location in Geranium.appex"; sourceTree = BUILT_PRODUCTS_DIR; };
		796072DF2B4F4FAE00737B5D /* UniformTypeIdentifiers.framework */ = {isa = PBXFileReference; lastKnownFileType = wrapper.framework; name = UniformTypeIdentifiers.framework; path = System/Library/Frameworks/UniformTypeIdentifiers.framework; sourceTree = SDKROOT; };
		796072E42B4F4FAE00737B5D /* ActionViewController.swift */ = {isa = PBXFileReference; lastKnownFileType = sourcecode.swift; path = ActionViewController.swift; sourceTree = "<group>"; };
		796072E72B4F4FAE00737B5D /* Base */ = {isa = PBXFileReference; lastKnownFileType = file.storyboard; name = Base; path = Base.lproj/MainInterface.storyboard; sourceTree = "<group>"; };
		796072E92B4F4FAE00737B5D /* Info.plist */ = {isa = PBXFileReference; lastKnownFileType = text.plist.xml; path = Info.plist; sourceTree = "<group>"; };
		796072F12B4F5A7A00737B5D /* Geranium.entitlements */ = {isa = PBXFileReference; lastKnownFileType = text.plist.entitlements; path = Geranium.entitlements; sourceTree = "<group>"; };
		796072F22B4F616B00737B5D /* Bookmark Location in Geranium.entitlements */ = {isa = PBXFileReference; lastKnownFileType = text.plist.entitlements; path = "Bookmark Location in Geranium.entitlements"; sourceTree = "<group>"; };
		7989FD022B347EEA00FBAB8D /* LocSimView.swift */ = {isa = PBXFileReference; lastKnownFileType = sourcecode.swift; path = LocSimView.swift; sourceTree = "<group>"; };
		7989FD052B3486B100FBAB8D /* CustomMapView.swift */ = {isa = PBXFileReference; lastKnownFileType = sourcecode.swift; path = CustomMapView.swift; sourceTree = "<group>"; };
		7989FD092B348A0200FBAB8D /* BookMarkHelper.swift */ = {isa = PBXFileReference; lastKnownFileType = sourcecode.swift; path = BookMarkHelper.swift; sourceTree = "<group>"; };
		799488A52B347E2C00AFFDCF /* LocSimManager.swift */ = {isa = PBXFileReference; fileEncoding = 4; lastKnownFileType = sourcecode.swift; path = LocSimManager.swift; sourceTree = "<group>"; };
		799488A72B347E2F00AFFDCF /* LocSimPrivateHeaders.h */ = {isa = PBXFileReference; lastKnownFileType = sourcecode.c.h; path = LocSimPrivateHeaders.h; sourceTree = "<group>"; };
		A10000000000000000000001 /* Info.plist */ = {isa = PBXFileReference; lastKnownFileType = text.plist.xml; path = Info.plist; sourceTree = "<group>"; };
		A10000000000000000000002 /* InfoPlist.xcstrings */ = {isa = PBXFileReference; indentWidth = 2; lastKnownFileType = text.json.xcstrings; path = InfoPlist.xcstrings; sourceTree = "<group>"; tabWidth = 2; };
		F82C58032E37786D00F76DFA /* CoordTransform.swift */ = {isa = PBXFileReference; lastKnownFileType = sourcecode.swift; path = CoordTransform.swift; sourceTree = "<group>"; };
		FAA456D12B265FEA00FC7287 /* Geranium.app */ = {isa = PBXFileReference; explicitFileType = wrapper.application; includeInIndex = 0; path = Geranium.app; sourceTree = BUILT_PRODUCTS_DIR; };
		FAA456D42B265FEA00FC7287 /* GeraniumApp.swift */ = {isa = PBXFileReference; lastKnownFileType = sourcecode.swift; path = GeraniumApp.swift; sourceTree = "<group>"; };
		FAA456D82B265FEC00FC7287 /* Assets.xcassets */ = {isa = PBXFileReference; lastKnownFileType = folder.assetcatalog; path = Assets.xcassets; sourceTree = "<group>"; };
		FAA457042B2660AC00FC7287 /* Geranium-Bringing-Header.h */ = {isa = PBXFileReference; lastKnownFileType = sourcecode.c.h; path = "Geranium-Bringing-Header.h"; sourceTree = "<group>"; };
/* End PBXFileReference section */

/* Begin PBXFrameworksBuildPhase section */
		796072DB2B4F4FAE00737B5D /* Frameworks */ = {
			isa = PBXFrameworksBuildPhase;
			buildActionMask = 2147483647;
			files = (
				796072E02B4F4FAE00737B5D /* UniformTypeIdentifiers.framework in Frameworks */,
			);
			runOnlyForDeploymentPostprocessing = 0;
		};
		FAA456CE2B265FEA00FC7287 /* Frameworks */ = {
			isa = PBXFrameworksBuildPhase;
			buildActionMask = 2147483647;
			files = (
			);
			runOnlyForDeploymentPostprocessing = 0;
		};
/* End PBXFrameworksBuildPhase section */

/* Begin PBXGroup section */
		790301B92B37747A0044E30A /* Frameworks */ = {
			isa = PBXGroup;
			children = (
				796072DF2B4F4FAE00737B5D /* UniformTypeIdentifiers.framework */,
			);
			name = Frameworks;
			sourceTree = "<group>";
		};
		790301BF2B377E850044E30A /* Translations */ = {
			isa = PBXGroup;
			children = (
				790301C02B377EA70044E30A /* Localizable.xcstrings */,
				A10000000000000000000002 /* InfoPlist.xcstrings */,
			);
			path = Translations;
			sourceTree = "<group>";
		};
		796072E12B4F4FAE00737B5D /* Bookmark Location in Geranium */ = {
			isa = PBXGroup;
			children = (
				796072F22B4F616B00737B5D /* Bookmark Location in Geranium.entitlements */,
				796072E42B4F4FAE00737B5D /* ActionViewController.swift */,
				796072E62B4F4FAE00737B5D /* MainInterface.storyboard */,
				796072E92B4F4FAE00737B5D /* Info.plist */,
			);
			path = "Bookmark Location in Geranium";
			sourceTree = "<group>";
		};
		7989FD0B2B348A8600FBAB8D /* BookMark */ = {
			isa = PBXGroup;
			children = (
				7989FD092B348A0200FBAB8D /* BookMarkHelper.swift */,
			);
			path = BookMark;
			sourceTree = "<group>";
		};
		799488A42B347E1100AFFDCF /* LocSim */ = {
			isa = PBXGroup;
			children = (
				7989FD022B347EEA00FBAB8D /* LocSimView.swift */,
				7989FD052B3486B100FBAB8D /* CustomMapView.swift */,
				799488A52B347E2C00AFFDCF /* LocSimManager.swift */,
				F82C58032E37786D00F76DFA /* CoordTransform.swift */,
				7989FD0B2B348A8600FBAB8D /* BookMark */,
				799488A72B347E2F00AFFDCF /* LocSimPrivateHeaders.h */,
			);
			path = LocSim;
			sourceTree = "<group>";
		};
		FAA456C82B265FEA00FC7287 = {
			isa = PBXGroup;
			children = (
				FAA456D32B265FEA00FC7287 /* Geranium */,
				796072E12B4F4FAE00737B5D /* Bookmark Location in Geranium */,
				FAA456D22B265FEA00FC7287 /* Products */,
				790301B92B37747A0044E30A /* Frameworks */,
			);
			sourceTree = "<group>";
		};
		FAA456D22B265FEA00FC7287 /* Products */ = {
			isa = PBXGroup;
			children = (
				FAA456D12B265FEA00FC7287 /* Geranium.app */,
				796072DE2B4F4FAE00737B5D /* Bookmark Location in Geranium.appex */,
			);
			name = Products;
			sourceTree = "<group>";
		};
		FAA456D32B265FEA00FC7287 /* Geranium */ = {
			isa = PBXGroup;
			children = (
				796072F12B4F5A7A00737B5D /* Geranium.entitlements */,
				A10000000000000000000001 /* Info.plist */,
				FAA456D42B265FEA00FC7287 /* GeraniumApp.swift */,
				FAA457042B2660AC00FC7287 /* Geranium-Bringing-Header.h */,
				799488A42B347E1100AFFDCF /* LocSim */,
				790301BF2B377E850044E30A /* Translations */,
				FAA456D82B265FEC00FC7287 /* Assets.xcassets */,
			);
			path = Geranium;
			sourceTree = "<group>";
		};
/* End PBXGroup section */

/* Begin PBXNativeTarget section */
		796072DD2B4F4FAE00737B5D /* Bookmark Location in Geranium */ = {
			isa = PBXNativeTarget;
			buildConfigurationList = 796072F02B4F4FAE00737B5D /* Build configuration list for PBXNativeTarget "Bookmark Location in Geranium" */;
			buildPhases = (
				796072DA2B4F4FAE00737B5D /* Sources */,
				796072DB2B4F4FAE00737B5D /* Frameworks */,
				796072DC2B4F4FAE00737B5D /* Resources */,
			);
			buildRules = (
			);
			dependencies = (
			);
			name = "Bookmark Location in Geranium";
			productName = "Bookmark Location in Geranium";
			productReference = 796072DE2B4F4FAE00737B5D /* Bookmark Location in Geranium.appex */;
			productType = "com.apple.product-type.app-extension";
		};
		FAA456D02B265FEA00FC7287 /* Geranium */ = {
			isa = PBXNativeTarget;
			buildConfigurationList = FAA456F52B265FED00FC7287 /* Build configuration list for PBXNativeTarget "Geranium" */;
			buildPhases = (
				FAA456CD2B265FEA00FC7287 /* Sources */,
				FAA456CE2B265FEA00FC7287 /* Frameworks */,
				FAA456CF2B265FEA00FC7287 /* Resources */,
				796072ED2B4F4FAE00737B5D /* Embed Foundation Extensions */,
			);
			buildRules = (
			);
			dependencies = (
				796072EB2B4F4FAE00737B5D /* PBXTargetDependency */,
			);
			name = Geranium;
			productName = Geranium;
			productReference = FAA456D12B265FEA00FC7287 /* Geranium.app */;
			productType = "com.apple.product-type.application";
		};
/* End PBXNativeTarget section */

/* Begin PBXProject section */
		FAA456C92B265FEA00FC7287 /* Project object */ = {
			isa = PBXProject;
			attributes = {
				BuildIndependentTargetsInParallel = 1;
				LastSwiftUpdateCheck = 1510;
				LastUpgradeCheck = 1510;
				TargetAttributes = {
					796072DD2B4F4FAE00737B5D = {
						CreatedOnToolsVersion = 15.1;
					};
					FAA456D02B265FEA00FC7287 = {
						CreatedOnToolsVersion = 15.0.1;
					};
				};
			};
			buildConfigurationList = FAA456CC2B265FEA00FC7287 /* Build configuration list for PBXProject "Geranium" */;
			compatibilityVersion = "Xcode 14.0";
			developmentRegion = en;
			hasScannedForEncodings = 0;
			knownRegions = (
				en,
				Base,
				"zh-Hans",
			);
			mainGroup = FAA456C82B265FEA00FC7287;
			productRefGroup = FAA456D22B265FEA00FC7287 /* Products */;
			projectDirPath = "";
			projectRoot = "";
			targets = (
				FAA456D02B265FEA00FC7287 /* Geranium */,
				796072DD2B4F4FAE00737B5D /* Bookmark Location in Geranium */,
			);
		};
/* End PBXProject section */

/* Begin PBXResourcesBuildPhase section */
		796072DC2B4F4FAE00737B5D /* Resources */ = {
			isa = PBXResourcesBuildPhase;
			buildActionMask = 2147483647;
			files = (
				796072E82B4F4FAE00737B5D /* MainInterface.storyboard in Resources */,
			);
			runOnlyForDeploymentPostprocessing = 0;
		};
		FAA456CF2B265FEA00FC7287 /* Resources */ = {
			isa = PBXResourcesBuildPhase;
			buildActionMask = 2147483647;
			files = (
				FAA456D92B265FEC00FC7287 /* Assets.xcassets in Resources */,
				790301C12B377EA70044E30A /* Localizable.xcstrings in Resources */,
				A10000000000000000000003 /* InfoPlist.xcstrings in Resources */,
			);
			runOnlyForDeploymentPostprocessing = 0;
		};
/* End PBXResourcesBuildPhase section */

/* Begin PBXSourcesBuildPhase section */
		796072DA2B4F4FAE00737B5D /* Sources */ = {
			isa = PBXSourcesBuildPhase;
			buildActionMask = 2147483647;
			files = (
				796072E52B4F4FAE00737B5D /* ActionViewController.swift in Sources */,
			);
			runOnlyForDeploymentPostprocessing = 0;
		};
		FAA456CD2B265FEA00FC7287 /* Sources */ = {
			isa = PBXSourcesBuildPhase;
			buildActionMask = 2147483647;
			files = (
				FAA456D52B265FEA00FC7287 /* GeraniumApp.swift in Sources */,
				7989FD032B347EEA00FBAB8D /* LocSimView.swift in Sources */,
				7989FD062B3486B100FBAB8D /* CustomMapView.swift in Sources */,
				799488A62B347E2C00AFFDCF /* LocSimManager.swift in Sources */,
				F82C58042E37786D00F76DFA /* CoordTransform.swift in Sources */,
				7989FD0A2B348A0200FBAB8D /* BookMarkHelper.swift in Sources */,
			);
			runOnlyForDeploymentPostprocessing = 0;
		};
/* End PBXSourcesBuildPhase section */

/* Begin PBXTargetDependency section */
		796072EB2B4F4FAE00737B5D /* PBXTargetDependency */ = {
			isa = PBXTargetDependency;
			target = 796072DD2B4F4FAE00737B5D /* Bookmark Location in Geranium */;
			targetProxy = 796072EA2B4F4FAE00737B5D /* PBXContainerItemProxy */;
		};
/* End PBXTargetDependency section */

/* Begin PBXVariantGroup section */
		796072E62B4F4FAE00737B5D /* MainInterface.storyboard */ = {
			isa = PBXVariantGroup;
			children = (
				796072E72B4F4FAE00737B5D /* Base */,
			);
			name = MainInterface.storyboard;
			sourceTree = "<group>";
		};
/* End PBXVariantGroup section */

/* Begin XCBuildConfiguration section */
		796072EE2B4F4FAE00737B5D /* Debug */ = {
			isa = XCBuildConfiguration;
			buildSettings = {
				APPLICATION_EXTENSION_API_ONLY = YES;
				CODE_SIGN_ENTITLEMENTS = "Bookmark Location in Geranium/Bookmark Location in Geranium.entitlements";
				CODE_SIGN_STYLE = Automatic;
				CURRENT_PROJECT_VERSION = 1;
				DEVELOPMENT_TEAM = 7G89J82G2A;
				GENERATE_INFOPLIST_FILE = YES;
				INFOPLIST_FILE = "Bookmark Location in Geranium/Info.plist";
				INFOPLIST_KEY_CFBundleDisplayName = "Save Location";
				IPHONEOS_DEPLOYMENT_TARGET = 15.0;
				LD_RUNPATH_SEARCH_PATHS = (
					"$(inherited)",
					"@executable_path/Frameworks",
					"@executable_path/../../Frameworks",
				);
				MARKETING_VERSION = 1.0;
				PRODUCT_BUNDLE_IDENTIFIER = "live.cclerc.geranium.Bookmark-Location-in-Geranium";
				PRODUCT_NAME = "$(TARGET_NAME)";
				SKIP_INSTALL = YES;
				SWIFT_EMIT_LOC_STRINGS = NO;
				SWIFT_VERSION = 5.0;
				TARGETED_DEVICE_FAMILY = "1,2";
			};
			name = Debug;
		};
		796072EF2B4F4FAE00737B5D /* Release */ = {
			isa = XCBuildConfiguration;
			buildSettings = {
				APPLICATION_EXTENSION_API_ONLY = YES;
				CODE_SIGN_ENTITLEMENTS = "Bookmark Location in Geranium/Bookmark Location in Geranium.entitlements";
				CODE_SIGN_STYLE = Automatic;
				CURRENT_PROJECT_VERSION = 1;
				DEVELOPMENT_TEAM = 7G89J82G2A;
				GENERATE_INFOPLIST_FILE = YES;
				INFOPLIST_FILE = "Bookmark Location in Geranium/Info.plist";
				INFOPLIST_KEY_CFBundleDisplayName = "Save Location";
				IPHONEOS_DEPLOYMENT_TARGET = 15.0;
				LD_RUNPATH_SEARCH_PATHS = (
					"$(inherited)",
					"@executable_path/Frameworks",
					"@executable_path/../../Frameworks",
				);
				MARKETING_VERSION = 1.0;
				PRODUCT_BUNDLE_IDENTIFIER = "live.cclerc.geranium.Bookmark-Location-in-Geranium";
				PRODUCT_NAME = "$(TARGET_NAME)";
				SKIP_INSTALL = YES;
				SWIFT_EMIT_LOC_STRINGS = NO;
				SWIFT_VERSION = 5.0;
				TARGETED_DEVICE_FAMILY = "1,2";
			};
			name = Release;
		};
		FAA456F32B265FED00FC7287 /* Debug */ = {
			isa = XCBuildConfiguration;
			buildSettings = {
				ALWAYS_SEARCH_USER_PATHS = NO;
				ASSETCATALOG_COMPILER_GENERATE_SWIFT_ASSET_SYMBOL_EXTENSIONS = YES;
				CLANG_ENABLE_MODULES = YES;
				CLANG_ENABLE_OBJC_ARC = YES;
				COPY_PHASE_STRIP = NO;
				DEBUG_INFORMATION_FORMAT = dwarf;
				ENABLE_TESTABILITY = YES;
				GCC_C_LANGUAGE_STANDARD = gnu17;
				GCC_OPTIMIZATION_LEVEL = 0;
				IPHONEOS_DEPLOYMENT_TARGET = 15.0;
				ONLY_ACTIVE_ARCH = YES;
				SDKROOT = iphoneos;
				SWIFT_ACTIVE_COMPILATION_CONDITIONS = "DEBUG $(inherited)";
				SWIFT_OPTIMIZATION_LEVEL = "-Onone";
			};
			name = Debug;
		};
		FAA456F42B265FED00FC7287 /* Release */ = {
			isa = XCBuildConfiguration;
			buildSettings = {
				ALWAYS_SEARCH_USER_PATHS = NO;
				ASSETCATALOG_COMPILER_GENERATE_SWIFT_ASSET_SYMBOL_EXTENSIONS = YES;
				CLANG_ENABLE_MODULES = YES;
				CLANG_ENABLE_OBJC_ARC = YES;
				COPY_PHASE_STRIP = NO;
				DEBUG_INFORMATION_FORMAT = "dwarf-with-dsym";
				ENABLE_NS_ASSERTIONS = NO;
				GCC_C_LANGUAGE_STANDARD = gnu17;
				IPHONEOS_DEPLOYMENT_TARGET = 15.0;
				SDKROOT = iphoneos;
				SWIFT_COMPILATION_MODE = wholemodule;
				VALIDATE_PRODUCT = YES;
			};
			name = Release;
		};
		FAA456F62B265FED00FC7287 /* Debug */ = {
			isa = XCBuildConfiguration;
			buildSettings = {
				ALWAYS_EMBED_SWIFT_STANDARD_LIBRARIES = YES;
				ASSETCATALOG_COMPILER_APPICON_NAME = AppIcon;
				ASSETCATALOG_COMPILER_GLOBAL_ACCENT_COLOR_NAME = AccentColor;
				CODE_SIGN_ENTITLEMENTS = Geranium/Geranium.entitlements;
				CODE_SIGN_STYLE = Automatic;
				CURRENT_PROJECT_VERSION = 1;
				DEVELOPMENT_TEAM = 7G89J82G2A;
				GENERATE_INFOPLIST_FILE = YES;
				INFOPLIST_FILE = Geranium/Info.plist;
				INFOPLIST_KEY_CFBundleDisplayName = Geranium;
				INFOPLIST_KEY_NSLocationWhenInUseUsageDescription = "Geranium uses your location only to center the map.";
				INFOPLIST_KEY_UIApplicationSceneManifest_Generation = YES;
				INFOPLIST_KEY_UIApplicationSupportsIndirectInputEvents = YES;
				INFOPLIST_KEY_UILaunchScreen_Generation = YES;
				INFOPLIST_KEY_UIStatusBarHidden = NO;
				INFOPLIST_KEY_UISupportedInterfaceOrientations = "UIInterfaceOrientationLandscapeLeft UIInterfaceOrientationLandscapeRight UIInterfaceOrientationPortrait";
				INFOPLIST_KEY_UISupportedInterfaceOrientations_iPad = "UIInterfaceOrientationLandscapeLeft UIInterfaceOrientationLandscapeRight UIInterfaceOrientationPortrait UIInterfaceOrientationPortraitUpsideDown";
				IPHONEOS_DEPLOYMENT_TARGET = 15.0;
				LD_RUNPATH_SEARCH_PATHS = (
					"$(inherited)",
					"@executable_path/Frameworks",
				);
				MARKETING_VERSION = 1.1.4;
				PRODUCT_BUNDLE_IDENTIFIER = live.cclerc.geranium;
				PRODUCT_NAME = "$(TARGET_NAME)";
				SUPPORTS_MACCATALYST = NO;
				SWIFT_EMIT_LOC_STRINGS = NO;
				SWIFT_OBJC_BRIDGING_HEADER = "Geranium/Geranium-Bringing-Header.h";
				SWIFT_VERSION = 5.0;
				TARGETED_DEVICE_FAMILY = "1,2";
			};
			name = Debug;
		};
		FAA456F72B265FED00FC7287 /* Release */ = {
			isa = XCBuildConfiguration;
			buildSettings = {
				ALWAYS_EMBED_SWIFT_STANDARD_LIBRARIES = YES;
				ASSETCATALOG_COMPILER_APPICON_NAME = AppIcon;
				ASSETCATALOG_COMPILER_GLOBAL_ACCENT_COLOR_NAME = AccentColor;
				CODE_SIGN_ENTITLEMENTS = Geranium/Geranium.entitlements;
				CODE_SIGN_STYLE = Automatic;
				CURRENT_PROJECT_VERSION = 1;
				DEVELOPMENT_TEAM = 7G89J82G2A;
				GENERATE_INFOPLIST_FILE = YES;
				INFOPLIST_FILE = Geranium/Info.plist;
				INFOPLIST_KEY_CFBundleDisplayName = Geranium;
				INFOPLIST_KEY_NSLocationWhenInUseUsageDescription = "Geranium uses your location only to center the map.";
				INFOPLIST_KEY_UIApplicationSceneManifest_Generation = YES;
				INFOPLIST_KEY_UIApplicationSupportsIndirectInputEvents = YES;
				INFOPLIST_KEY_UILaunchScreen_Generation = YES;
				INFOPLIST_KEY_UIStatusBarHidden = NO;
				INFOPLIST_KEY_UISupportedInterfaceOrientations = "UIInterfaceOrientationLandscapeLeft UIInterfaceOrientationLandscapeRight UIInterfaceOrientationPortrait";
				INFOPLIST_KEY_UISupportedInterfaceOrientations_iPad = "UIInterfaceOrientationLandscapeLeft UIInterfaceOrientationLandscapeRight UIInterfaceOrientationPortrait UIInterfaceOrientationPortraitUpsideDown";
				IPHONEOS_DEPLOYMENT_TARGET = 15.0;
				LD_RUNPATH_SEARCH_PATHS = (
					"$(inherited)",
					"@executable_path/Frameworks",
				);
				MARKETING_VERSION = 1.1.4;
				PRODUCT_BUNDLE_IDENTIFIER = live.cclerc.geranium;
				PRODUCT_NAME = "$(TARGET_NAME)";
				SUPPORTS_MACCATALYST = NO;
				SWIFT_EMIT_LOC_STRINGS = NO;
				SWIFT_OBJC_BRIDGING_HEADER = "Geranium/Geranium-Bringing-Header.h";
				SWIFT_VERSION = 5.0;
				TARGETED_DEVICE_FAMILY = "1,2";
			};
			name = Release;
		};
/* End XCBuildConfiguration section */

/* Begin XCConfigurationList section */
		796072F02B4F4FAE00737B5D /* Build configuration list for PBXNativeTarget "Bookmark Location in Geranium" */ = {
			isa = XCConfigurationList;
			buildConfigurations = (
				796072EE2B4F4FAE00737B5D /* Debug */,
				796072EF2B4F4FAE00737B5D /* Release */,
			);
			defaultConfigurationIsVisible = 0;
			defaultConfigurationName = Release;
		};
		FAA456CC2B265FEA00FC7287 /* Build configuration list for PBXProject "Geranium" */ = {
			isa = XCConfigurationList;
			buildConfigurations = (
				FAA456F32B265FED00FC7287 /* Debug */,
				FAA456F42B265FED00FC7287 /* Release */,
			);
			defaultConfigurationIsVisible = 0;
			defaultConfigurationName = Release;
		};
		FAA456F52B265FED00FC7287 /* Build configuration list for PBXNativeTarget "Geranium" */ = {
			isa = XCConfigurationList;
			buildConfigurations = (
				FAA456F62B265FED00FC7287 /* Debug */,
				FAA456F72B265FED00FC7287 /* Release */,
			);
			defaultConfigurationIsVisible = 0;
			defaultConfigurationName = Release;
		};
/* End XCConfigurationList section */
	};
	rootObject = FAA456C92B265FEA00FC7287 /* Project object */;
}
